# This file is automatically @generated by Poetry 1.7.1 and should not be changed by hand.

[[package]]
name = "orjson"
version = "3.9.12"
description = "Fast, correct Python JSON library supporting dataclasses, datetimes, and numpy"
optional = false
python-versions = ">=3.8"
files = [
    {file = "orjson-3.9.12-cp310-cp310-macosx_10_15_x86_64.macosx_11_0_arm64.macosx_10_15_universal2.whl", hash = "sha256:6b4e2bed7d00753c438e83b613923afdd067564ff7ed696bfe3a7b073a236e07"},
    {file = "orjson-3.9.12-cp310-cp310-manylinux_2_17_aarch64.manylinux2014_aarch64.whl", hash = "sha256:bd1b8ec63f0bf54a50b498eedeccdca23bd7b658f81c524d18e410c203189365"},
    {file = "orjson-3.9.12-cp310-cp310-manylinux_2_17_armv7l.manylinux2014_armv7l.whl", hash = "sha256:ab8add018a53665042a5ae68200f1ad14c7953fa12110d12d41166f111724656"},
    {file = "orjson-3.9.12-cp310-cp310-manylinux_2_17_ppc64le.manylinux2014_ppc64le.whl", hash = "sha256:12756a108875526b76e505afe6d6ba34960ac6b8c5ec2f35faf73ef161e97e07"},
    {file = "orjson-3.9.12-cp310-cp310-manylinux_2_17_s390x.manylinux2014_s390x.whl", hash = "sha256:890e7519c0c70296253660455f77e3a194554a3c45e42aa193cdebc76a02d82b"},
    {file = "orjson-3.9.12-cp310-cp310-manylinux_2_17_x86_64.manylinux2014_x86_64.whl", hash = "sha256:d664880d7f016efbae97c725b243b33c2cbb4851ddc77f683fd1eec4a7894146"},
    {file = "orjson-3.9.12-cp310-cp310-musllinux_1_1_aarch64.whl", hash = "sha256:cfdaede0fa5b500314ec7b1249c7e30e871504a57004acd116be6acdda3b8ab3"},
    {file = "orjson-3.9.12-cp310-cp310-musllinux_1_1_x86_64.whl", hash = "sha256:6492ff5953011e1ba9ed1bf086835fd574bd0a3cbe252db8e15ed72a30479081"},
    {file = "orjson-3.9.12-cp310-none-win32.whl", hash = "sha256:29bf08e2eadb2c480fdc2e2daae58f2f013dff5d3b506edd1e02963b9ce9f8a9"},
    {file = "orjson-3.9.12-cp310-none-win_amd64.whl", hash = "sha256:0fc156fba60d6b50743337ba09f052d8afc8b64595112996d22f5fce01ab57da"},
    {file = "orjson-3.9.12-cp311-cp311-macosx_10_15_x86_64.macosx_11_0_arm64.macosx_10_15_universal2.whl", hash = "sha256:2849f88a0a12b8d94579b67486cbd8f3a49e36a4cb3d3f0ab352c596078c730c"},
    {file = "orjson-3.9.12-cp311-cp311-manylinux_2_17_aarch64.manylinux2014_aarch64.whl", hash = "sha256:3186b18754befa660b31c649a108a915493ea69b4fc33f624ed854ad3563ac65"},
    {file = "orjson-3.9.12-cp311-cp311-manylinux_2_17_armv7l.manylinux2014_armv7l.whl", hash = "sha256:cbbf313c9fb9d4f6cf9c22ced4b6682230457741daeb3d7060c5d06c2e73884a"},
    {file = "orjson-3.9.12-cp311-cp311-manylinux_2_17_ppc64le.manylinux2014_ppc64le.whl", hash = "sha256:99e8cd005b3926c3db9b63d264bd05e1bf4451787cc79a048f27f5190a9a0311"},
    {file = "orjson-3.9.12-cp311-cp311-manylinux_2_17_s390x.manylinux2014_s390x.whl", hash = "sha256:59feb148392d9155f3bfed0a2a3209268e000c2c3c834fb8fe1a6af9392efcbf"},
    {file = "orjson-3.9.12-cp311-cp311-manylinux_2_17_x86_64.manylinux2014_x86_64.whl", hash = "sha256:a4ae815a172a1f073b05b9e04273e3b23e608a0858c4e76f606d2d75fcabde0c"},
    {file = "orjson-3.9.12-cp311-cp311-musllinux_1_1_aarch64.whl", hash = "sha256:ed398f9a9d5a1bf55b6e362ffc80ac846af2122d14a8243a1e6510a4eabcb71e"},
    {file = "orjson-3.9.12-cp311-cp311-musllinux_1_1_x86_64.whl", hash = "sha256:d3cfb76600c5a1e6be91326b8f3b83035a370e727854a96d801c1ea08b708073"},
    {file = "orjson-3.9.12-cp311-none-win32.whl", hash = "sha256:a2b6f5252c92bcab3b742ddb3ac195c0fa74bed4319acd74f5d54d79ef4715dc"},
    {file = "orjson-3.9.12-cp311-none-win_amd64.whl", hash = "sha256:c95488e4aa1d078ff5776b58f66bd29d628fa59adcb2047f4efd3ecb2bd41a71"},
    {file = "orjson-3.9.12-cp312-cp312-macosx_10_15_x86_64.macosx_11_0_arm64.macosx_10_15_universal2.whl", hash = "sha256:d6ce2062c4af43b92b0221ed4f445632c6bf4213f8a7da5396a122931377acd9"},
    {file = "orjson-3.9.12-cp312-cp312-manylinux_2_17_aarch64.manylinux2014_aarch64.whl", hash = "sha256:950951799967558c214cd6cceb7ceceed6f81d2c3c4135ee4a2c9c69f58aa225"},
    {file = "orjson-3.9.12-cp312-cp312-manylinux_2_17_armv7l.manylinux2014_armv7l.whl", hash = "sha256:2dfaf71499d6fd4153f5c86eebb68e3ec1bf95851b030a4b55c7637a37bbdee4"},
    {file = "orjson-3.9.12-cp312-cp312-manylinux_2_17_ppc64le.manylinux2014_ppc64le.whl", hash = "sha256:659a8d7279e46c97661839035a1a218b61957316bf0202674e944ac5cfe7ed83"},
    {file = "orjson-3.9.12-cp312-cp312-manylinux_2_17_s390x.manylinux2014_s390x.whl", hash = "sha256:af17fa87bccad0b7f6fd8ac8f9cbc9ee656b4552783b10b97a071337616db3e4"},
    {file = "orjson-3.9.12-cp312-cp312-manylinux_2_17_x86_64.manylinux2014_x86_64.whl", hash = "sha256:cd52dec9eddf4c8c74392f3fd52fa137b5f2e2bed1d9ae958d879de5f7d7cded"},
    {file = "orjson-3.9.12-cp312-cp312-musllinux_1_1_aarch64.whl", hash = "sha256:640e2b5d8e36b970202cfd0799d11a9a4ab46cf9212332cd642101ec952df7c8"},
    {file = "orjson-3.9.12-cp312-cp312-musllinux_1_1_x86_64.whl", hash = "sha256:daa438bd8024e03bcea2c5a92cd719a663a58e223fba967296b6ab9992259dbf"},
    {file = "orjson-3.9.12-cp312-none-win_amd64.whl", hash = "sha256:1bb8f657c39ecdb924d02e809f992c9aafeb1ad70127d53fb573a6a6ab59d549"},
    {file = "orjson-3.9.12-cp38-cp38-macosx_10_15_x86_64.macosx_11_0_arm64.macosx_10_15_universal2.whl", hash = "sha256:f4098c7674901402c86ba6045a551a2ee345f9f7ed54eeffc7d86d155c8427e5"},
    {file = "orjson-3.9.12-cp38-cp38-manylinux_2_17_aarch64.manylinux2014_aarch64.whl", hash = "sha256:5586a533998267458fad3a457d6f3cdbddbcce696c916599fa8e2a10a89b24d3"},
    {file = "orjson-3.9.12-cp38-cp38-manylinux_2_17_armv7l.manylinux2014_armv7l.whl", hash = "sha256:54071b7398cd3f90e4bb61df46705ee96cb5e33e53fc0b2f47dbd9b000e238e1"},
    {file = "orjson-3.9.12-cp38-cp38-manylinux_2_17_ppc64le.manylinux2014_ppc64le.whl", hash = "sha256:67426651faa671b40443ea6f03065f9c8e22272b62fa23238b3efdacd301df31"},
    {file = "orjson-3.9.12-cp38-cp38-manylinux_2_17_s390x.manylinux2014_s390x.whl", hash = "sha256:4a0cd56e8ee56b203abae7d482ac0d233dbfb436bb2e2d5cbcb539fe1200a312"},
    {file = "orjson-3.9.12-cp38-cp38-manylinux_2_17_x86_64.manylinux2014_x86_64.whl", hash = "sha256:a84a0c3d4841a42e2571b1c1ead20a83e2792644c5827a606c50fc8af7ca4bee"},
    {file = "orjson-3.9.12-cp38-cp38-musllinux_1_1_aarch64.whl", hash = "sha256:09d60450cda3fa6c8ed17770c3a88473a16460cd0ff2ba74ef0df663b6fd3bb8"},
    {file = "orjson-3.9.12-cp38-cp38-musllinux_1_1_x86_64.whl", hash = "sha256:bc82a4db9934a78ade211cf2e07161e4f068a461c1796465d10069cb50b32a80"},
    {file = "orjson-3.9.12-cp38-none-win32.whl", hash = "sha256:61563d5d3b0019804d782137a4f32c72dc44c84e7d078b89d2d2a1adbaa47b52"},
    {file = "orjson-3.9.12-cp38-none-win_amd64.whl", hash = "sha256:410f24309fbbaa2fab776e3212a81b96a1ec6037259359a32ea79fbccfcf76aa"},
    {file = "orjson-3.9.12-cp39-cp39-macosx_10_15_x86_64.macosx_11_0_arm64.macosx_10_15_universal2.whl", hash = "sha256:e773f251258dd82795fd5daeac081d00b97bacf1548e44e71245543374874bcf"},
    {file = "orjson-3.9.12-cp39-cp39-manylinux_2_17_aarch64.manylinux2014_aarch64.whl", hash = "sha256:b159baecfda51c840a619948c25817d37733a4d9877fea96590ef8606468b362"},
    {file = "orjson-3.9.12-cp39-cp39-manylinux_2_17_armv7l.manylinux2014_armv7l.whl", hash = "sha256:975e72e81a249174840d5a8df977d067b0183ef1560a32998be340f7e195c730"},
    {file = "orjson-3.9.12-cp39-cp39-manylinux_2_17_ppc64le.manylinux2014_ppc64le.whl", hash = "sha256:06e42e899dde61eb1851a9fad7f1a21b8e4be063438399b63c07839b57668f6c"},
    {file = "orjson-3.9.12-cp39-cp39-manylinux_2_17_s390x.manylinux2014_s390x.whl", hash = "sha256:5c157e999e5694475a5515942aebeed6e43f7a1ed52267c1c93dcfde7d78d421"},
    {file = "orjson-3.9.12-cp39-cp39-manylinux_2_17_x86_64.manylinux2014_x86_64.whl", hash = "sha256:dde1bc7c035f2d03aa49dc8642d9c6c9b1a81f2470e02055e76ed8853cfae0c3"},
    {file = "orjson-3.9.12-cp39-cp39-musllinux_1_1_aarch64.whl", hash = "sha256:b0e9d73cdbdad76a53a48f563447e0e1ce34bcecef4614eb4b146383e6e7d8c9"},
    {file = "orjson-3.9.12-cp39-cp39-musllinux_1_1_x86_64.whl", hash = "sha256:96e44b21fe407b8ed48afbb3721f3c8c8ce17e345fbe232bd4651ace7317782d"},
    {file = "orjson-3.9.12-cp39-none-win32.whl", hash = "sha256:cbd0f3555205bf2a60f8812133f2452d498dbefa14423ba90fe89f32276f7abf"},
    {file = "orjson-3.9.12-cp39-none-win_amd64.whl", hash = "sha256:03ea7ee7e992532c2f4a06edd7ee1553f0644790553a118e003e3c405add41fa"},
    {file = "orjson-3.9.12.tar.gz", hash = "sha256:da908d23a3b3243632b523344403b128722a5f45e278a8343c2bb67538dff0e4"},
]

[[package]]
name = "ruff"
version = "0.1.14"
description = "An extremely fast Python linter and code formatter, written in Rust."
optional = false
python-versions = ">=3.7"
files = [
    {file = "ruff-0.1.14-py3-none-macosx_10_12_x86_64.macosx_11_0_arm64.macosx_10_12_universal2.whl", hash = "sha256:96f76536df9b26622755c12ed8680f159817be2f725c17ed9305b472a757cdbb"},
    {file = "ruff-0.1.14-py3-none-macosx_10_12_x86_64.whl", hash = "sha256:ab3f71f64498c7241123bb5a768544cf42821d2a537f894b22457a543d3ca7a9"},
    {file = "ruff-0.1.14-py3-none-manylinux_2_17_aarch64.manylinux2014_aarch64.whl", hash = "sha256:7060156ecc572b8f984fd20fd8b0fcb692dd5d837b7606e968334ab7ff0090ab"},
    {file = "ruff-0.1.14-py3-none-manylinux_2_17_armv7l.manylinux2014_armv7l.whl", hash = "sha256:a53d8e35313d7b67eb3db15a66c08434809107659226a90dcd7acb2afa55faea"},
    {file = "ruff-0.1.14-py3-none-manylinux_2_17_i686.manylinux2014_i686.whl", hash = "sha256:bea9be712b8f5b4ebed40e1949379cfb2a7d907f42921cf9ab3aae07e6fba9eb"},
    {file = "ruff-0.1.14-py3-none-manylinux_2_17_ppc64.manylinux2014_ppc64.whl", hash = "sha256:2270504d629a0b064247983cbc495bed277f372fb9eaba41e5cf51f7ba705a6a"},
    {file = "ruff-0.1.14-py3-none-manylinux_2_17_ppc64le.manylinux2014_ppc64le.whl", hash = "sha256:80258bb3b8909b1700610dfabef7876423eed1bc930fe177c71c414921898efa"},
    {file = "ruff-0.1.14-py3-none-manylinux_2_17_s390x.manylinux2014_s390x.whl", hash = "sha256:653230dd00aaf449eb5ff25d10a6e03bc3006813e2cb99799e568f55482e5cae"},
    {file = "ruff-0.1.14-py3-none-manylinux_2_17_x86_64.manylinux2014_x86_64.whl", hash = "sha256:87b3acc6c4e6928459ba9eb7459dd4f0c4bf266a053c863d72a44c33246bfdbf"},
    {file = "ruff-0.1.14-py3-none-musllinux_1_2_aarch64.whl", hash = "sha256:6b3dadc9522d0eccc060699a9816e8127b27addbb4697fc0c08611e4e6aeb8b5"},
    {file = "ruff-0.1.14-py3-none-musllinux_1_2_armv7l.whl", hash = "sha256:1c8eca1a47b4150dc0fbec7fe68fc91c695aed798532a18dbb1424e61e9b721f"},
    {file = "ruff-0.1.14-py3-none-musllinux_1_2_i686.whl", hash = "sha256:62ce2ae46303ee896fc6811f63d6dabf8d9c389da0f3e3f2bce8bc7f15ef5488"},
    {file = "ruff-0.1.14-py3-none-musllinux_1_2_x86_64.whl", hash = "sha256:b2027dde79d217b211d725fc833e8965dc90a16d0d3213f1298f97465956661b"},
    {file = "ruff-0.1.14-py3-none-win32.whl", hash = "sha256:722bafc299145575a63bbd6b5069cb643eaa62546a5b6398f82b3e4403329cab"},
    {file = "ruff-0.1.14-py3-none-win_amd64.whl", hash = "sha256:e3d241aa61f92b0805a7082bd89a9990826448e4d0398f0e2bc8f05c75c63d99"},
    {file = "ruff-0.1.14-py3-none-win_arm64.whl", hash = "sha256:269302b31ade4cde6cf6f9dd58ea593773a37ed3f7b97e793c8594b262466b67"},
    {file = "ruff-0.1.14.tar.gz", hash = "sha256:ad3f8088b2dfd884820289a06ab718cde7d38b94972212cc4ba90d5fbc9955f3"},
]

[metadata]
lock-version = "2.0"
python-versions = "^3.8"
content-hash = "52c591194aa9c4c5faa4d0e23540c2b9dc553922dd5c7a47bdfa4ae8b2308ff8"
